
Microsoft Visual Studio Solution File, Format Version 12.00
# Visual Studio 15
VisualStudioVersion = 15.0.27428.2027
MinimumVisualStudioVersion = 10.0.40219.1
Project("{FAE04EC0-301F-11D3-BF4B-00C04F79EFBC}") = "SportsStore.Domain", "SportsStore.Domain\SportsStore.Domain.csproj", "{FCC958F1-68ED-4C95-ABA2-B80F92740AD9}"
EndProject
Project("{FAE04EC0-301F-11D3-BF4B-00C04F79EFBC}") = "SportsStore.WebUI", "SportsStore.WebUI\SportsStore.WebUI.csproj", "{6F214ED5-C441-4F26-8E22-0D3AC7492C1E}"
EndProject
Project("{FAE04EC0-301F-11D3-BF4B-00C04F79EFBC}") = "SportsStore.UnitTest", "SportsStore.UnitTest\SportsStore.UnitTest.csproj", "{51AA0D4B-215D-4758-AA34-09A7424D83BB}"
EndProject
Global
	GlobalSection(SolutionConfigurationPlatforms) = preSolution
		Debug|Any CPU = Debug|Any CPU
		Release|Any CPU = Release|Any CPU
	EndGlobalSection
	GlobalSection(ProjectConfigurationPlatforms) = postSolution
		{FCC958F1-68ED-4C95-ABA2-B80F92740AD9}.Debug|Any CPU.ActiveCfg = Debug|Any CPU
		{FCC958F1-68ED-4C95-ABA2-B80F92740AD9}.Debug|Any CPU.Build.0 = Debug|Any CPU
		{FCC958F1-68ED-4C95-ABA2-B80F92740AD9}.Release|Any CPU.ActiveCfg = Release|Any CPU
		{FCC958F1-68ED-4C95-ABA2-B80F92740AD9}.Release|Any CPU.Build.0 = Release|Any CPU
		{6F214ED5-C441-4F26-8E22-0D3AC7492C1E}.Debug|Any CPU.ActiveCfg = Debug|Any CPU
		{6F214ED5-C441-4F26-8E22-0D3AC7492C1E}.Debug|Any CPU.Build.0 = Debug|Any CPU
		{6F214ED5-C441-4F26-8E22-0D3AC7492C1E}.Release|Any CPU.ActiveCfg = Release|Any CPU
		{6F214ED5-C441-4F26-8E22-0D3AC7492C1E}.Release|Any CPU.Build.0 = Release|Any CPU
		{51AA0D4B-215D-4758-AA34-09A7424D83BB}.Debug|Any CPU.ActiveCfg = Debug|Any CPU
		{51AA0D4B-215D-4758-AA34-09A7424D83BB}.Debug|Any CPU.Build.0 = Debug|Any CPU
		{51AA0D4B-215D-4758-AA34-09A7424D83BB}.Release|Any CPU.ActiveCfg = Release|Any CPU
		{51AA0D4B-215D-4758-AA34-09A7424D83BB}.Release|Any CPU.Build.0 = Release|Any CPU
	EndGlobalSection
	GlobalSection(SolutionProperties) = preSolution
		HideSolutionNode = FALSE
	EndGlobalSection
	GlobalSection(ExtensibilityGlobals) = postSolution
		SolutionGuid = {A06F3B08-1D8A-4B81-8562-772A9A08F0B4}
	EndGlobalSection
EndGlobal
